// !$*UTF8*$!
{
	archiveVersion = 1;
	classes = {
	};
	objectVersion = 55;
	objects = {

/* Begin PBXBuildFile section */
		160A28EC27D362E500CBEA4C /* AppDelegate.swift in Sources */ = {isa = PBXBuildFile; fileRef = 160A28EB27D362E500CBEA4C /* AppDelegate.swift */; };
		160A28EE27D362E500CBEA4C /* SceneDelegate.swift in Sources */ = {isa = PBXBuildFile; fileRef = 160A28ED27D362E500CBEA4C /* SceneDelegate.swift */; };
		160A28F027D362E500CBEA4C /* ViewController.swift in Sources */ = {isa = PBXBuildFile; fileRef = 160A28EF27D362E500CBEA4C /* ViewController.swift */; };
		160A28F327D362E500CBEA4C /* Main.storyboard in Resources */ = {isa = PBXBuildFile; fileRef = 160A28F127D362E500CBEA4C /* Main.storyboard */; };
		160A28F527D362E700CBEA4C /* Assets.xcassets in Resources */ = {isa = PBXBuildFile; fileRef = 160A28F427D362E700CBEA4C /* Assets.xcassets */; };
		160A28F827D362E700CBEA4C /* LaunchScreen.storyboard in Resources */ = {isa = PBXBuildFile; fileRef = 160A28F627D362E700CBEA4C /* LaunchScreen.storyboard */; };
		160A290327D362E700CBEA4C /* EnvironmentScemeSetupTests.swift in Sources */ = {isa = PBXBuildFile; fileRef = 160A290227D362E700CBEA4C /* EnvironmentScemeSetupTests.swift */; };
		160A290D27D362E700CBEA4C /* EnvironmentScemeSetupUITests.swift in Sources */ = {isa = PBXBuildFile; fileRef = 160A290C27D362E700CBEA4C /* EnvironmentScemeSetupUITests.swift */; };
		160A290F27D362E700CBEA4C /* EnvironmentScemeSetupUITestsLaunchTests.swift in Sources */ = {isa = PBXBuildFile; fileRef = 160A290E27D362E700CBEA4C /* EnvironmentScemeSetupUITestsLaunchTests.swift */; };
/* End PBXBuildFile section */

/* Begin PBXContainerItemProxy section */
		160A28FF27D362E700CBEA4C /* PBXContainerItemProxy */ = {
			isa = PBXContainerItemProxy;
			containerPortal = 160A28E027D362E500CBEA4C /* Project object */;
			proxyType = 1;
			remoteGlobalIDString = 160A28E727D362E500CBEA4C;
			remoteInfo = EnvironmentScemeSetup;
		};
		160A290927D362E700CBEA4C /* PBXContainerItemProxy */ = {
			isa = PBXContainerItemProxy;
			containerPortal = 160A28E027D362E500CBEA4C /* Project object */;
			proxyType = 1;
			remoteGlobalIDString = 160A28E727D362E500CBEA4C;
			remoteInfo = EnvironmentScemeSetup;
		};
/* End PBXContainerItemProxy section */

/* Begin PBXFileReference section */
		160A28E827D362E500CBEA4C /* EnvironmentScemeSetup.app */ = {isa = PBXFileReference; explicitFileType = wrapper.application; includeInIndex = 0; path = EnvironmentScemeSetup.app; sourceTree = BUILT_PRODUCTS_DIR; };
		160A28EB27D362E500CBEA4C /* AppDelegate.swift */ = {isa = PBXFileReference; lastKnownFileType = sourcecode.swift; path = AppDelegate.swift; sourceTree = "<group>"; };
		160A28ED27D362E500CBEA4C /* SceneDelegate.swift */ = {isa = PBXFileReference; lastKnownFileType = sourcecode.swift; path = SceneDelegate.swift; sourceTree = "<group>"; };
		160A28EF27D362E500CBEA4C /* ViewController.swift */ = {isa = PBXFileReference; lastKnownFileType = sourcecode.swift; path = ViewController.swift; sourceTree = "<group>"; };
		160A28F227D362E500CBEA4C /* Base */ = {isa = PBXFileReference; lastKnownFileType = file.storyboard; name = Base; path = Base.lproj/Main.storyboard; sourceTree = "<group>"; };
		160A28F427D362E700CBEA4C /* Assets.xcassets */ = {isa = PBXFileReference; lastKnownFileType = folder.assetcatalog; path = Assets.xcassets; sourceTree = "<group>"; };
		160A28F727D362E700CBEA4C /* Base */ = {isa = PBXFileReference; lastKnownFileType = file.storyboard; name = Base; path = Base.lproj/LaunchScreen.storyboard; sourceTree = "<group>"; };
		160A28F927D362E700CBEA4C /* Info.plist */ = {isa = PBXFileReference; lastKnownFileType = text.plist.xml; path = Info.plist; sourceTree = "<group>"; };
		160A28FE27D362E700CBEA4C /* EnvironmentScemeSetupTests.xctest */ = {isa = PBXFileReference; explicitFileType = wrapper.cfbundle; includeInIndex = 0; path = EnvironmentScemeSetupTests.xctest; sourceTree = BUILT_PRODUCTS_DIR; };
		160A290227D362E700CBEA4C /* EnvironmentScemeSetupTests.swift */ = {isa = PBXFileReference; lastKnownFileType = sourcecode.swift; path = EnvironmentScemeSetupTests.swift; sourceTree = "<group>"; };
		160A290827D362E700CBEA4C /* EnvironmentScemeSetupUITests.xctest */ = {isa = PBXFileReference; explicitFileType = wrapper.cfbundle; includeInIndex = 0; path = EnvironmentScemeSetupUITests.xctest; sourceTree = BUILT_PRODUCTS_DIR; };
		160A290C27D362E700CBEA4C /* EnvironmentScemeSetupUITests.swift */ = {isa = PBXFileReference; lastKnownFileType = sourcecode.swift; path = EnvironmentScemeSetupUITests.swift; sourceTree = "<group>"; };
		160A290E27D362E700CBEA4C /* EnvironmentScemeSetupUITestsLaunchTests.swift */ = {isa = PBXFileReference; lastKnownFileType = sourcecode.swift; path = EnvironmentScemeSetupUITestsLaunchTests.swift; sourceTree = "<group>"; };
/* End PBXFileReference section */

/* Begin PBXFrameworksBuildPhase section */
		160A28E527D362E500CBEA4C /* Frameworks */ = {
			isa = PBXFrameworksBuildPhase;
			buildActionMask = 2147483647;
			files = (
			);
			runOnlyForDeploymentPostprocessing = 0;
		};
		160A28FB27D362E700CBEA4C /* Frameworks */ = {
			isa = PBXFrameworksBuildPhase;
			buildActionMask = 2147483647;
			files = (
			);
			runOnlyForDeploymentPostprocessing = 0;
		};
		160A290527D362E700CBEA4C /* Frameworks */ = {
			isa = PBXFrameworksBuildPhase;
			buildActionMask = 2147483647;
			files = (
			);
			runOnlyForDeploymentPostprocessing = 0;
		};
/* End PBXFrameworksBuildPhase section */

/* Begin PBXGroup section */
		160A28DF27D362E500CBEA4C = {
			isa = PBXGroup;
			children = (
				160A28EA27D362E500CBEA4C /* EnvironmentScemeSetup */,
				160A290127D362E700CBEA4C /* EnvironmentScemeSetupTests */,
				160A290B27D362E700CBEA4C /* EnvironmentScemeSetupUITests */,
				160A28E927D362E500CBEA4C /* Products */,
			);
			sourceTree = "<group>";
		};
		160A28E927D362E500CBEA4C /* Products */ = {
			isa = PBXGroup;
			children = (
				160A28E827D362E500CBEA4C /* EnvironmentScemeSetup.app */,
				160A28FE27D362E700CBEA4C /* EnvironmentScemeSetupTests.xctest */,
				160A290827D362E700CBEA4C /* EnvironmentScemeSetupUITests.xctest */,
			);
			name = Products;
			sourceTree = "<group>";
		};
		160A28EA27D362E500CBEA4C /* EnvironmentScemeSetup */ = {
			isa = PBXGroup;
			children = (
				160A28EB27D362E500CBEA4C /* AppDelegate.swift */,
				160A28ED27D362E500CBEA4C /* SceneDelegate.swift */,
				160A28EF27D362E500CBEA4C /* ViewController.swift */,
				160A28F127D362E500CBEA4C /* Main.storyboard */,
				160A28F427D362E700CBEA4C /* Assets.xcassets */,
				160A28F627D362E700CBEA4C /* LaunchScreen.storyboard */,
				160A28F927D362E700CBEA4C /* Info.plist */,
			);
			path = EnvironmentScemeSetup;
			sourceTree = "<group>";
		};
		160A290127D362E700CBEA4C /* EnvironmentScemeSetupTests */ = {
			isa = PBXGroup;
			children = (
				160A290227D362E700CBEA4C /* EnvironmentScemeSetupTests.swift */,
			);
			path = EnvironmentScemeSetupTests;
			sourceTree = "<group>";
		};
		160A290B27D362E700CBEA4C /* EnvironmentScemeSetupUITests */ = {
			isa = PBXGroup;
			children = (
				160A290C27D362E700CBEA4C /* EnvironmentScemeSetupUITests.swift */,
				160A290E27D362E700CBEA4C /* EnvironmentScemeSetupUITestsLaunchTests.swift */,
			);
			path = EnvironmentScemeSetupUITests;
			sourceTree = "<group>";
		};
/* End PBXGroup section */

/* Begin PBXNativeTarget section */
		160A28E727D362E500CBEA4C /* EnvironmentScemeSetup */ = {
			isa = PBXNativeTarget;
			buildConfigurationList = 160A291227D362E700CBEA4C /* Build configuration list for PBXNativeTarget "EnvironmentScemeSetup" */;
			buildPhases = (
				160A28E427D362E500CBEA4C /* Sources */,
				160A28E527D362E500CBEA4C /* Frameworks */,
				160A28E627D362E500CBEA4C /* Resources */,
			);
			buildRules = (
			);
			dependencies = (
			);
			name = EnvironmentScemeSetup;
			productName = EnvironmentScemeSetup;
			productReference = 160A28E827D362E500CBEA4C /* EnvironmentScemeSetup.app */;
			productType = "com.apple.product-type.application";
		};
		160A28FD27D362E700CBEA4C /* EnvironmentScemeSetupTests */ = {
			isa = PBXNativeTarget;
			buildConfigurationList = 160A291527D362E700CBEA4C /* Build configuration list for PBXNativeTarget "EnvironmentScemeSetupTests" */;
			buildPhases = (
				160A28FA27D362E700CBEA4C /* Sources */,
				160A28FB27D362E700CBEA4C /* Frameworks */,
				160A28FC27D362E700CBEA4C /* Resources */,
			);
			buildRules = (
			);
			dependencies = (
				160A290027D362E700CBEA4C /* PBXTargetDependency */,
			);
			name = EnvironmentScemeSetupTests;
			productName = EnvironmentScemeSetupTests;
			productReference = 160A28FE27D362E700CBEA4C /* EnvironmentScemeSetupTests.xctest */;
			productType = "com.apple.product-type.bundle.unit-test";
		};
		160A290727D362E700CBEA4C /* EnvironmentScemeSetupUITests */ = {
			isa = PBXNativeTarget;
			buildConfigurationList = 160A291827D362E700CBEA4C /* Build configuration list for PBXNativeTarget "EnvironmentScemeSetupUITests" */;
			buildPhases = (
				160A290427D362E700CBEA4C /* Sources */,
				160A290527D362E700CBEA4C /* Frameworks */,
				160A290627D362E700CBEA4C /* Resources */,
			);
			buildRules = (
			);
			dependencies = (
				160A290A27D362E700CBEA4C /* PBXTargetDependency */,
			);
			name = EnvironmentScemeSetupUITests;
			productName = EnvironmentScemeSetupUITests;
			productReference = 160A290827D362E700CBEA4C /* EnvironmentScemeSetupUITests.xctest */;
			productType = "com.apple.product-type.bundle.ui-testing";
		};
/* End PBXNativeTarget section */

/* Begin PBXProject section */
		160A28E027D362E500CBEA4C /* Project object */ = {
			isa = PBXProject;
			attributes = {
				BuildIndependentTargetsInParallel = 1;
				LastSwiftUpdateCheck = 1320;
				LastUpgradeCheck = 1320;
				TargetAttributes = {
					160A28E727D362E500CBEA4C = {
						CreatedOnToolsVersion = 13.2.1;
					};
					160A28FD27D362E700CBEA4C = {
						CreatedOnToolsVersion = 13.2.1;
						TestTargetID = 160A28E727D362E500CBEA4C;
					};
					160A290727D362E700CBEA4C = {
						CreatedOnToolsVersion = 13.2.1;
						TestTargetID = 160A28E727D362E500CBEA4C;
					};
				};
			};
			buildConfigurationList = 160A28E327D362E500CBEA4C /* Build configuration list for PBXProject "EnvironmentScemeSetup" */;
			compatibilityVersion = "Xcode 13.0";
			developmentRegion = en;
			hasScannedForEncodings = 0;
			knownRegions = (
				en,
				Base,
			);
			mainGroup = 160A28DF27D362E500CBEA4C;
			productRefGroup = 160A28E927D362E500CBEA4C /* Products */;
			projectDirPath = "";
			projectRoot = "";
			targets = (
				160A28E727D362E500CBEA4C /* EnvironmentScemeSetup */,
				160A28FD27D362E700CBEA4C /* EnvironmentScemeSetupTests */,
				160A290727D362E700CBEA4C /* EnvironmentScemeSetupUITests */,
			);
		};
/* End PBXProject section */

/* Begin PBXResourcesBuildPhase section */
		160A28E627D362E500CBEA4C /* Resources */ = {
			isa = PBXResourcesBuildPhase;
			buildActionMask = 2147483647;
			files = (
				160A28F827D362E700CBEA4C /* LaunchScreen.storyboard in Resources */,
				160A28F527D362E700CBEA4C /* Assets.xcassets in Resources */,
				160A28F327D362E500CBEA4C /* Main.storyboard in Resources */,
			);
			runOnlyForDeploymentPostprocessing = 0;
		};
		160A28FC27D362E700CBEA4C /* Resources */ = {
			isa = PBXResourcesBuildPhase;
			buildActionMask = 2147483647;
			files = (
			);
			runOnlyForDeploymentPostprocessing = 0;
		};
		160A290627D362E700CBEA4C /* Resources */ = {
			isa = PBXResourcesBuildPhase;
			buildActionMask = 2147483647;
			files = (
			);
			runOnlyForDeploymentPostprocessing = 0;
		};
/* End PBXResourcesBuildPhase section */

/* Begin PBXSourcesBuildPhase section */
		160A28E427D362E500CBEA4C /* Sources */ = {
			isa = PBXSourcesBuildPhase;
			buildActionMask = 2147483647;
			files = (
				160A28F027D362E500CBEA4C /* ViewController.swift in Sources */,
				160A28EC27D362E500CBEA4C /* AppDelegate.swift in Sources */,
				160A28EE27D362E500CBEA4C /* SceneDelegate.swift in Sources */,
			);
			runOnlyForDeploymentPostprocessing = 0;
		};
		160A28FA27D362E700CBEA4C /* Sources */ = {
			isa = PBXSourcesBuildPhase;
			buildActionMask = 2147483647;
			files = (
				160A290327D362E700CBEA4C /* EnvironmentScemeSetupTests.swift in Sources */,
			);
			runOnlyForDeploymentPostprocessing = 0;
		};
		160A290427D362E700CBEA4C /* Sources */ = {
			isa = PBXSourcesBuildPhase;
			buildActionMask = 2147483647;
			files = (
				160A290F27D362E700CBEA4C /* EnvironmentScemeSetupUITestsLaunchTests.swift in Sources */,
				160A290D27D362E700CBEA4C /* EnvironmentScemeSetupUITests.swift in Sources */,
			);
			runOnlyForDeploymentPostprocessing = 0;
		};
/* End PBXSourcesBuildPhase section */

/* Begin PBXTargetDependency section */
		160A290027D362E700CBEA4C /* PBXTargetDependency */ = {
			isa = PBXTargetDependency;
			target = 160A28E727D362E500CBEA4C /* EnvironmentScemeSetup */;
			targetProxy = 160A28FF27D362E700CBEA4C /* PBXContainerItemProxy */;
		};
		160A290A27D362E700CBEA4C /* PBXTargetDependency */ = {
			isa = PBXTargetDependency;
			target = 160A28E727D362E500CBEA4C /* EnvironmentScemeSetup */;
			targetProxy = 160A290927D362E700CBEA4C /* PBXContainerItemProxy */;
		};
/* End PBXTargetDependency section */

/* Begin PBXVariantGroup section */
		160A28F127D362E500CBEA4C /* Main.storyboard */ = {
			isa = PBXVariantGroup;
			children = (
				160A28F227D362E500CBEA4C /* Base */,
			);
			name = Main.storyboard;
			sourceTree = "<group>";
		};
		160A28F627D362E700CBEA4C /* LaunchScreen.storyboard */ = {
			isa = PBXVariantGroup;
			children = (
				160A28F727D362E700CBEA4C /* Base */,
			);
			name = LaunchScreen.storyboard;
			sourceTree = "<group>";
		};
/* End PBXVariantGroup section */

/* Begin XCBuildConfiguration section */
		160A291027D362E700CBEA4C /* Dev */ = {
			isa = XCBuildConfiguration;
			buildSettings = {
				ALWAYS_SEARCH_USER_PATHS = NO;
				CLANG_ANALYZER_NONNULL = YES;
				CLANG_ANALYZER_NUMBER_OBJECT_CONVERSION = YES_AGGRESSIVE;
				CLANG_CXX_LANGUAGE_STANDARD = "gnu++17";
				CLANG_CXX_LIBRARY = "libc++";
				CLANG_ENABLE_MODULES = YES;
				CLANG_ENABLE_OBJC_ARC = YES;
				CLANG_ENABLE_OBJC_WEAK = YES;
				CLANG_WARN_BLOCK_CAPTURE_AUTORELEASING = YES;
				CLANG_WARN_BOOL_CONVERSION = YES;
				CLANG_WARN_COMMA = YES;
				CLANG_WARN_CONSTANT_CONVERSION = YES;
				CLANG_WARN_DEPRECATED_OBJC_IMPLEMENTATIONS = YES;
				CLANG_WARN_DIRECT_OBJC_ISA_USAGE = YES_ERROR;
				CLANG_WARN_DOCUMENTATION_COMMENTS = YES;
				CLANG_WARN_EMPTY_BODY = YES;
				CLANG_WARN_ENUM_CONVERSION = YES;
				CLANG_WARN_INFINITE_RECURSION = YES;
				CLANG_WARN_INT_CONVERSION = YES;
				CLANG_WARN_NON_LITERAL_NULL_CONVERSION = YES;
				CLANG_WARN_OBJC_IMPLICIT_RETAIN_SELF = YES;
				CLANG_WARN_OBJC_LITERAL_CONVERSION = YES;
				CLANG_WARN_OBJC_ROOT_CLASS = YES_ERROR;
				CLANG_WARN_QUOTED_INCLUDE_IN_FRAMEWORK_HEADER = YES;
				CLANG_WARN_RANGE_LOOP_ANALYSIS = YES;
				CLANG_WARN_STRICT_PROTOTYPES = YES;
				CLANG_WARN_SUSPICIOUS_MOVE = YES;
				CLANG_WARN_UNGUARDED_AVAILABILITY = YES_AGGRESSIVE;
				CLANG_WARN_UNREACHABLE_CODE = YES;
				CLANG_WARN__DUPLICATE_METHOD_MATCH = YES;
				COPY_PHASE_STRIP = NO;
				DEBUG_INFORMATION_FORMAT = dwarf;
				ENABLE_STRICT_OBJC_MSGSEND = YES;
				ENABLE_TESTABILITY = YES;
				GCC_C_LANGUAGE_STANDARD = gnu11;
				GCC_DYNAMIC_NO_PIC = NO;
				GCC_NO_COMMON_BLOCKS = YES;
				GCC_OPTIMIZATION_LEVEL = 0;
				GCC_PREPROCESSOR_DEFINITIONS = (
					"DEBUG=1",
					"$(inherited)",
				);
				GCC_WARN_64_TO_32_BIT_CONVERSION = YES;
				GCC_WARN_ABOUT_RETURN_TYPE = YES_ERROR;
				GCC_WARN_UNDECLARED_SELECTOR = YES;
				GCC_WARN_UNINITIALIZED_AUTOS = YES_AGGRESSIVE;
				GCC_WARN_UNUSED_FUNCTION = YES;
				GCC_WARN_UNUSED_VARIABLE = YES;
				IPHONEOS_DEPLOYMENT_TARGET = 15.2;
				MTL_ENABLE_DEBUG_INFO = INCLUDE_SOURCE;
				MTL_FAST_MATH = YES;
				ONLY_ACTIVE_ARCH = YES;
				SDKROOT = iphoneos;
				SWIFT_ACTIVE_COMPILATION_CONDITIONS = DEBUG;
				SWIFT_OPTIMIZATION_LEVEL = "-Onone";
			};
			name = Dev;
		};
		160A291127D362E700CBEA4C /* QA */ = {
			isa = XCBuildConfiguration;
			buildSettings = {
				ALWAYS_SEARCH_USER_PATHS = NO;
				CLANG_ANALYZER_NONNULL = YES;
				CLANG_ANALYZER_NUMBER_OBJECT_CONVERSION = YES_AGGRESSIVE;
				CLANG_CXX_LANGUAGE_STANDARD = "gnu++17";
				CLANG_CXX_LIBRARY = "libc++";
				CLANG_ENABLE_MODULES = YES;
				CLANG_ENABLE_OBJC_ARC = YES;
				CLANG_ENABLE_OBJC_WEAK = YES;
				CLANG_WARN_BLOCK_CAPTURE_AUTORELEASING = YES;
				CLANG_WARN_BOOL_CONVERSION = YES;
				CLANG_WARN_COMMA = YES;
				CLANG_WARN_CONSTANT_CONVERSION = YES;
				CLANG_WARN_DEPRECATED_OBJC_IMPLEMENTATIONS = YES;
				CLANG_WARN_DIRECT_OBJC_ISA_USAGE = YES_ERROR;
				CLANG_WARN_DOCUMENTATION_COMMENTS = YES;
				CLANG_WARN_EMPTY_BODY = YES;
				CLANG_WARN_ENUM_CONVERSION = YES;
				CLANG_WARN_INFINITE_RECURSION = YES;
				CLANG_WARN_INT_CONVERSION = YES;
				CLANG_WARN_NON_LITERAL_NULL_CONVERSION = YES;
				CLANG_WARN_OBJC_IMPLICIT_RETAIN_SELF = YES;
				CLANG_WARN_OBJC_LITERAL_CONVERSION = YES;
				CLANG_WARN_OBJC_ROOT_CLASS = YES_ERROR;
				CLANG_WARN_QUOTED_INCLUDE_IN_FRAMEWORK_HEADER = YES;
				CLANG_WARN_RANGE_LOOP_ANALYSIS = YES;
				CLANG_WARN_STRICT_PROTOTYPES = YES;
				CLANG_WARN_SUSPICIOUS_MOVE = YES;
				CLANG_WARN_UNGUARDED_AVAILABILITY = YES_AGGRESSIVE;
				CLANG_WARN_UNREACHABLE_CODE = YES;
				CLANG_WARN__DUPLICATE_METHOD_MATCH = YES;
				COPY_PHASE_STRIP = NO;
				DEBUG_INFORMATION_FORMAT = "dwarf-with-dsym";
				ENABLE_NS_ASSERTIONS = NO;
				ENABLE_STRICT_OBJC_MSGSEND = YES;
				GCC_C_LANGUAGE_STANDARD = gnu11;
				GCC_NO_COMMON_BLOCKS = YES;
				GCC_WARN_64_TO_32_BIT_CONVERSION = YES;
				GCC_WARN_ABOUT_RETURN_TYPE = YES_ERROR;
				GCC_WARN_UNDECLARED_SELECTOR = YES;
				GCC_WARN_UNINITIALIZED_AUTOS = YES_AGGRESSIVE;
				GCC_WARN_UNUSED_FUNCTION = YES;
				GCC_WARN_UNUSED_VARIABLE = YES;
				IPHONEOS_DEPLOYMENT_TARGET = 15.2;
				MTL_ENABLE_DEBUG_INFO = NO;
				MTL_FAST_MATH = YES;
				SDKROOT = iphoneos;
				SWIFT_COMPILATION_MODE = wholemodule;
				SWIFT_OPTIMIZATION_LEVEL = "-O";
				VALIDATE_PRODUCT = YES;
			};
			name = QA;
		};
		160A291327D362E700CBEA4C /* Dev */ = {
			isa = XCBuildConfiguration;
			buildSettings = {
				APP_NAME = "EnvironmentScheme Dev";
				ASSETCATALOG_COMPILER_APPICON_NAME = AppIcon;
				ASSETCATALOG_COMPILER_GLOBAL_ACCENT_COLOR_NAME = AccentColor;
				CODE_SIGN_STYLE = Automatic;
				CURRENT_PROJECT_VERSION = 1;
				GENERATE_INFOPLIST_FILE = YES;
				INFOPLIST_FILE = EnvironmentScemeSetup/Info.plist;
				INFOPLIST_KEY_UIApplicationSupportsIndirectInputEvents = YES;
				INFOPLIST_KEY_UILaunchStoryboardName = LaunchScreen;
				INFOPLIST_KEY_UIMainStoryboardFile = Main;
				INFOPLIST_KEY_UISupportedInterfaceOrientations_iPad = "UIInterfaceOrientationPortrait UIInterfaceOrientationPortraitUpsideDown UIInterfaceOrientationLandscapeLeft UIInterfaceOrientationLandscapeRight";
				INFOPLIST_KEY_UISupportedInterfaceOrientations_iPhone = "UIInterfaceOrientationPortrait UIInterfaceOrientationLandscapeLeft UIInterfaceOrientationLandscapeRight";
				LD_RUNPATH_SEARCH_PATHS = (
					"$(inherited)",
					"@executable_path/Frameworks",
				);
				MARKETING_VERSION = 1.0;
				PRODUCT_BUNDLE_IDENTIFIER = com.Practice.EnvironmentScemeSetup_dev;
				PRODUCT_NAME = "$(TARGET_NAME)";
				SWIFT_ACTIVE_COMPILATION_CONDITIONS = DEV;
				SWIFT_EMIT_LOC_STRINGS = YES;
				SWIFT_VERSION = 5.0;
				TARGETED_DEVICE_FAMILY = "1,2";
			};
			name = Dev;
		};
		160A291427D362E700CBEA4C /* QA */ = {
			isa = XCBuildConfiguration;
			buildSettings = {
				APP_NAME = "EnvironmentScheme QA";
				ASSETCATALOG_COMPILER_APPICON_NAME = AppIcon;
				ASSETCATALOG_COMPILER_GLOBAL_ACCENT_COLOR_NAME = AccentColor;
				CODE_SIGN_STYLE = Automatic;
				CURRENT_PROJECT_VERSION = 1;
				GENERATE_INFOPLIST_FILE = YES;
				INFOPLIST_FILE = EnvironmentScemeSetup/Info.plist;
				INFOPLIST_KEY_UIApplicationSupportsIndirectInputEvents = YES;
				INFOPLIST_KEY_UILaunchStoryboardName = LaunchScreen;
				INFOPLIST_KEY_UIMainStoryboardFile = Main;
				INFOPLIST_KEY_UISupportedInterfaceOrientations_iPad = "UIInterfaceOrientationPortrait UIInterfaceOrientationPortraitUpsideDown UIInterfaceOrientationLandscapeLeft UIInterfaceOrientationLandscapeRight";
				INFOPLIST_KEY_UISupportedInterfaceOrientations_iPhone = "UIInterfaceOrientationPortrait UIInterfaceOrientationLandscapeLeft UIInterfaceOrientationLandscapeRight";
				LD_RUNPATH_SEARCH_PATHS = (
					"$(inherited)",
					"@executable_path/Frameworks",
				);
				MARKETING_VERSION = 1.0;
				PRODUCT_BUNDLE_IDENTIFIER = com.Practice.EnvironmentScemeSetup_qa;
				PRODUCT_NAME = "$(TARGET_NAME)";
				SWIFT_ACTIVE_COMPILATION_CONDITIONS = QA;
				SWIFT_EMIT_LOC_STRINGS = YES;
				SWIFT_VERSION = 5.0;
				TARGETED_DEVICE_FAMILY = "1,2";
			};
			name = QA;
		};
		160A291627D362E700CBEA4C /* Dev */ = {
			isa = XCBuildConfiguration;
			buildSettings = {
				ALWAYS_EMBED_SWIFT_STANDARD_LIBRARIES = YES;
				BUNDLE_LOADER = "$(TEST_HOST)";
				CODE_SIGN_STYLE = Automatic;
				CURRENT_PROJECT_VERSION = 1;
				GENERATE_INFOPLIST_FILE = YES;
				IPHONEOS_DEPLOYMENT_TARGET = 15.2;
				MARKETING_VERSION = 1.0;
				PRODUCT_BUNDLE_IDENTIFIER = com.Practice.EnvironmentScemeSetupTests;
				PRODUCT_NAME = "$(TARGET_NAME)";
				SWIFT_EMIT_LOC_STRINGS = NO;
				SWIFT_VERSION = 5.0;
				TARGETED_DEVICE_FAMILY = "1,2";
				TEST_HOST = "$(BUILT_PRODUCTS_DIR)/EnvironmentScemeSetup.app/EnvironmentScemeSetup";
			};
			name = Dev;
		};
		160A291727D362E700CBEA4C /* QA */ = {
			isa = XCBuildConfiguration;
			buildSettings = {
				ALWAYS_EMBED_SWIFT_STANDARD_LIBRARIES = YES;
				BUNDLE_LOADER = "$(TEST_HOST)";
				CODE_SIGN_STYLE = Automatic;
				CURRENT_PROJECT_VERSION = 1;
				GENERATE_INFOPLIST_FILE = YES;
				IPHONEOS_DEPLOYMENT_TARGET = 15.2;
				MARKETING_VERSION = 1.0;
				PRODUCT_BUNDLE_IDENTIFIER = com.Practice.EnvironmentScemeSetupTests;
				PRODUCT_NAME = "$(TARGET_NAME)";
				SWIFT_EMIT_LOC_STRINGS = NO;
				SWIFT_VERSION = 5.0;
				TARGETED_DEVICE_FAMILY = "1,2";
				TEST_HOST = "$(BUILT_PRODUCTS_DIR)/EnvironmentScemeSetup.app/EnvironmentScemeSetup";
			};
			name = QA;
		};
		160A291927D362E700CBEA4C /* Dev */ = {
			isa = XCBuildConfiguration;
			buildSettings = {
				ALWAYS_EMBED_SWIFT_STANDARD_LIBRARIES = YES;
				CODE_SIGN_STYLE = Automatic;
				CURRENT_PROJECT_VERSION = 1;
				GENERATE_INFOPLIST_FILE = YES;
				MARKETING_VERSION = 1.0;
				PRODUCT_BUNDLE_IDENTIFIER = com.Practice.EnvironmentScemeSetupUITests;
				PRODUCT_NAME = "$(TARGET_NAME)";
				SWIFT_EMIT_LOC_STRINGS = NO;
				SWIFT_VERSION = 5.0;
				TARGETED_DEVICE_FAMILY = "1,2";
				TEST_TARGET_NAME = EnvironmentScemeSetup;
			};
			name = Dev;
		};
		160A291A27D362E700CBEA4C /* QA */ = {
			isa = XCBuildConfiguration;
			buildSettings = {
				ALWAYS_EMBED_SWIFT_STANDARD_LIBRARIES = YES;
				CODE_SIGN_STYLE = Automatic;
				CURRENT_PROJECT_VERSION = 1;
				GENERATE_INFOPLIST_FILE = YES;
				MARKETING_VERSION = 1.0;
				PRODUCT_BUNDLE_IDENTIFIER = com.Practice.EnvironmentScemeSetupUITests;
				PRODUCT_NAME = "$(TARGET_NAME)";
				SWIFT_EMIT_LOC_STRINGS = NO;
				SWIFT_VERSION = 5.0;
				TARGETED_DEVICE_FAMILY = "1,2";
				TEST_TARGET_NAME = EnvironmentScemeSetup;
			};
			name = QA;
		};
		160A291B27D3633600CBEA4C /* Staging */ = {
			isa = XCBuildConfiguration;
			buildSettings = {
				ALWAYS_SEARCH_USER_PATHS = NO;
				CLANG_ANALYZER_NONNULL = YES;
				CLANG_ANALYZER_NUMBER_OBJECT_CONVERSION = YES_AGGRESSIVE;
				CLANG_CXX_LANGUAGE_STANDARD = "gnu++17";
				CLANG_CXX_LIBRARY = "libc++";
				CLANG_ENABLE_MODULES = YES;
				CLANG_ENABLE_OBJC_ARC = YES;
				CLANG_ENABLE_OBJC_WEAK = YES;
				CLANG_WARN_BLOCK_CAPTURE_AUTORELEASING = YES;
				CLANG_WARN_BOOL_CONVERSION = YES;
				CLANG_WARN_COMMA = YES;
				CLANG_WARN_CONSTANT_CONVERSION = YES;
				CLANG_WARN_DEPRECATED_OBJC_IMPLEMENTATIONS = YES;
				CLANG_WARN_DIRECT_OBJC_ISA_USAGE = YES_ERROR;
				CLANG_WARN_DOCUMENTATION_COMMENTS = YES;
				CLANG_WARN_EMPTY_BODY = YES;
				CLANG_WARN_ENUM_CONVERSION = YES;
				CLANG_WARN_INFINITE_RECURSION = YES;
				CLANG_WARN_INT_CONVERSION = YES;
				CLANG_WARN_NON_LITERAL_NULL_CONVERSION = YES;
				CLANG_WARN_OBJC_IMPLICIT_RETAIN_SELF = YES;
				CLANG_WARN_OBJC_LITERAL_CONVERSION = YES;
				CLANG_WARN_OBJC_ROOT_CLASS = YES_ERROR;
				CLANG_WARN_QUOTED_INCLUDE_IN_FRAMEWORK_HEADER = YES;
				CLANG_WARN_RANGE_LOOP_ANALYSIS = YES;
				CLANG_WARN_STRICT_PROTOTYPES = YES;
				CLANG_WARN_SUSPICIOUS_MOVE = YES;
				CLANG_WARN_UNGUARDED_AVAILABILITY = YES_AGGRESSIVE;
				CLANG_WARN_UNREACHABLE_CODE = YES;
				CLANG_WARN__DUPLICATE_METHOD_MATCH = YES;
				COPY_PHASE_STRIP = NO;
				DEBUG_INFORMATION_FORMAT = "dwarf-with-dsym";
				ENABLE_NS_ASSERTIONS = NO;
				ENABLE_STRICT_OBJC_MSGSEND = YES;
				GCC_C_LANGUAGE_STANDARD = gnu11;
				GCC_NO_COMMON_BLOCKS = YES;
				GCC_WARN_64_TO_32_BIT_CONVERSION = YES;
				GCC_WARN_ABOUT_RETURN_TYPE = YES_ERROR;
				GCC_WARN_UNDECLARED_SELECTOR = YES;
				GCC_WARN_UNINITIALIZED_AUTOS = YES_AGGRESSIVE;
				GCC_WARN_UNUSED_FUNCTION = YES;
				GCC_WARN_UNUSED_VARIABLE = YES;
				IPHONEOS_DEPLOYMENT_TARGET = 15.2;
				MTL_ENABLE_DEBUG_INFO = NO;
				MTL_FAST_MATH = YES;
				SDKROOT = iphoneos;
				SWIFT_COMPILATION_MODE = wholemodule;
				SWIFT_OPTIMIZATION_LEVEL = "-O";
				VALIDATE_PRODUCT = YES;
			};
			name = Staging;
		};
		160A291C27D3633600CBEA4C /* Staging */ = {
			isa = XCBuildConfiguration;
			buildSettings = {
				APP_NAME = "EnvironmentScheme Staging";
				ASSETCATALOG_COMPILER_APPICON_NAME = AppIcon;
				ASSETCATALOG_COMPILER_GLOBAL_ACCENT_COLOR_NAME = AccentColor;
				CODE_SIGN_STYLE = Automatic;
				CURRENT_PROJECT_VERSION = 1;
				GENERATE_INFOPLIST_FILE = YES;
				INFOPLIST_FILE = EnvironmentScemeSetup/Info.plist;
				INFOPLIST_KEY_UIApplicationSupportsIndirectInputEvents = YES;
				INFOPLIST_KEY_UILaunchStoryboardName = LaunchScreen;
				INFOPLIST_KEY_UIMainStoryboardFile = Main;
				INFOPLIST_KEY_UISupportedInterfaceOrientations_iPad = "UIInterfaceOrientationPortrait UIInterfaceOrientationPortraitUpsideDown UIInterfaceOrientationLandscapeLeft UIInterfaceOrientationLandscapeRight";
				INFOPLIST_KEY_UISupportedInterfaceOrientations_iPhone = "UIInterfaceOrientationPortrait UIInterfaceOrientationLandscapeLeft UIInterfaceOrientationLandscapeRight";
				LD_RUNPATH_SEARCH_PATHS = (
					"$(inherited)",
					"@executable_path/Frameworks",
				);
				MARKETING_VERSION = 1.0;
				PRODUCT_BUNDLE_IDENTIFIER = com.Practice.EnvironmentScemeSetup_staging;
				PRODUCT_NAME = "$(TARGET_NAME)";
				SWIFT_ACTIVE_COMPILATION_CONDITIONS = STAGING;
				SWIFT_EMIT_LOC_STRINGS = YES;
				SWIFT_VERSION = 5.0;
				TARGETED_DEVICE_FAMILY = "1,2";
			};
			name = Staging;
		};
		160A291D27D3633600CBEA4C /* Staging */ = {
			isa = XCBuildConfiguration;
			buildSettings = {
				ALWAYS_EMBED_SWIFT_STANDARD_LIBRARIES = YES;
				BUNDLE_LOADER = "$(TEST_HOST)";
				CODE_SIGN_STYLE = Automatic;
				CURRENT_PROJECT_VERSION = 1;
				GENERATE_INFOPLIST_FILE = YES;
				IPHONEOS_DEPLOYMENT_TARGET = 15.2;
				MARKETING_VERSION = 1.0;
				PRODUCT_BUNDLE_IDENTIFIER = com.Practice.EnvironmentScemeSetupTests;
				PRODUCT_NAME = "$(TARGET_NAME)";
				SWIFT_EMIT_LOC_STRINGS = NO;
				SWIFT_VERSION = 5.0;
				TARGETED_DEVICE_FAMILY = "1,2";
				TEST_HOST = "$(BUILT_PRODUCTS_DIR)/EnvironmentScemeSetup.app/EnvironmentScemeSetup";
			};
			name = Staging;
		};
		160A291E27D3633600CBEA4C /* Staging */ = {
			isa = XCBuildConfiguration;
			buildSettings = {
				ALWAYS_EMBED_SWIFT_STANDARD_LIBRARIES = YES;
				CODE_SIGN_STYLE = Automatic;
				CURRENT_PROJECT_VERSION = 1;
				GENERATE_INFOPLIST_FILE = YES;
				MARKETING_VERSION = 1.0;
				PRODUCT_BUNDLE_IDENTIFIER = com.Practice.EnvironmentScemeSetupUITests;
				PRODUCT_NAME = "$(TARGET_NAME)";
				SWIFT_EMIT_LOC_STRINGS = NO;
				SWIFT_VERSION = 5.0;
				TARGETED_DEVICE_FAMILY = "1,2";
				TEST_TARGET_NAME = EnvironmentScemeSetup;
			};
			name = Staging;
		};
		160A291F27D3634200CBEA4C /* Production */ = {
			isa = XCBuildConfiguration;
			buildSettings = {
				ALWAYS_SEARCH_USER_PATHS = NO;
				CLANG_ANALYZER_NONNULL = YES;
				CLANG_ANALYZER_NUMBER_OBJECT_CONVERSION = YES_AGGRESSIVE;
				CLANG_CXX_LANGUAGE_STANDARD = "gnu++17";
				CLANG_CXX_LIBRARY = "libc++";
				CLANG_ENABLE_MODULES = YES;
				CLANG_ENABLE_OBJC_ARC = YES;
				CLANG_ENABLE_OBJC_WEAK = YES;
				CLANG_WARN_BLOCK_CAPTURE_AUTORELEASING = YES;
				CLANG_WARN_BOOL_CONVERSION = YES;
				CLANG_WARN_COMMA = YES;
				CLANG_WARN_CONSTANT_CONVERSION = YES;
				CLANG_WARN_DEPRECATED_OBJC_IMPLEMENTATIONS = YES;
				CLANG_WARN_DIRECT_OBJC_ISA_USAGE = YES_ERROR;
				CLANG_WARN_DOCUMENTATION_COMMENTS = YES;
				CLANG_WARN_EMPTY_BODY = YES;
				CLANG_WARN_ENUM_CONVERSION = YES;
				CLANG_WARN_INFINITE_RECURSION = YES;
				CLANG_WARN_INT_CONVERSION = YES;
				CLANG_WARN_NON_LITERAL_NULL_CONVERSION = YES;
				CLANG_WARN_OBJC_IMPLICIT_RETAIN_SELF = YES;
				CLANG_WARN_OBJC_LITERAL_CONVERSION = YES;
				CLANG_WARN_OBJC_ROOT_CLASS = YES_ERROR;
				CLANG_WARN_QUOTED_INCLUDE_IN_FRAMEWORK_HEADER = YES;
				CLANG_WARN_RANGE_LOOP_ANALYSIS = YES;
				CLANG_WARN_STRICT_PROTOTYPES = YES;
				CLANG_WARN_SUSPICIOUS_MOVE = YES;
				CLANG_WARN_UNGUARDED_AVAILABILITY = YES_AGGRESSIVE;
				CLANG_WARN_UNREACHABLE_CODE = YES;
				CLANG_WARN__DUPLICATE_METHOD_MATCH = YES;
				COPY_PHASE_STRIP = NO;
				DEBUG_INFORMATION_FORMAT = "dwarf-with-dsym";
				ENABLE_NS_ASSERTIONS = NO;
				ENABLE_STRICT_OBJC_MSGSEND = YES;
				GCC_C_LANGUAGE_STANDARD = gnu11;
				GCC_NO_COMMON_BLOCKS = YES;
				GCC_WARN_64_TO_32_BIT_CONVERSION = YES;
				GCC_WARN_ABOUT_RETURN_TYPE = YES_ERROR;
				GCC_WARN_UNDECLARED_SELECTOR = YES;
				GCC_WARN_UNINITIALIZED_AUTOS = YES_AGGRESSIVE;
				GCC_WARN_UNUSED_FUNCTION = YES;
				GCC_WARN_UNUSED_VARIABLE = YES;
				IPHONEOS_DEPLOYMENT_TARGET = 15.2;
				MTL_ENABLE_DEBUG_INFO = NO;
				MTL_FAST_MATH = YES;
				SDKROOT = iphoneos;
				SWIFT_COMPILATION_MODE = wholemodule;
				SWIFT_OPTIMIZATION_LEVEL = "-O";
				VALIDATE_PRODUCT = YES;
			};
			name = Production;
		};
		160A292027D3634200CBEA4C /* Production */ = {
			isa = XCBuildConfiguration;
			buildSettings = {
				APP_NAME = "EnvironmentScheme Prod";
				ASSETCATALOG_COMPILER_APPICON_NAME = AppIcon;
				ASSETCATALOG_COMPILER_GLOBAL_ACCENT_COLOR_NAME = AccentColor;
				CODE_SIGN_STYLE = Automatic;
				CURRENT_PROJECT_VERSION = 1;
				GENERATE_INFOPLIST_FILE = YES;
				INFOPLIST_FILE = EnvironmentScemeSetup/Info.plist;
				INFOPLIST_KEY_UIApplicationSupportsIndirectInputEvents = YES;
				INFOPLIST_KEY_UILaunchStoryboardName = LaunchScreen;
				INFOPLIST_KEY_UIMainStoryboardFile = Main;
				INFOPLIST_KEY_UISupportedInterfaceOrientations_iPad = "UIInterfaceOrientationPortrait UIInterfaceOrientationPortraitUpsideDown UIInterfaceOrientationLandscapeLeft UIInterfaceOrientationLandscapeRight";
				INFOPLIST_KEY_UISupportedInterfaceOrientations_iPhone = "UIInterfaceOrientationPortrait UIInterfaceOrientationLandscapeLeft UIInterfaceOrientationLandscapeRight";
				LD_RUNPATH_SEARCH_PATHS = (
					"$(inherited)",
					"@executable_path/Frameworks",
				);
				MARKETING_VERSION = 1.0;
				PRODUCT_BUNDLE_IDENTIFIER = com.Practice.EnvironmentScemeSetup_prod;
				PRODUCT_NAME = "$(TARGET_NAME)";
				SWIFT_ACTIVE_COMPILATION_CONDITIONS = PROD;
				SWIFT_EMIT_LOC_STRINGS = YES;
				SWIFT_VERSION = 5.0;
				TARGETED_DEVICE_FAMILY = "1,2";
			};
			name = Production;
		};
		160A292127D3634200CBEA4C /* Production */ = {
			isa = XCBuildConfiguration;
			buildSettings = {
				ALWAYS_EMBED_SWIFT_STANDARD_LIBRARIES = YES;
				BUNDLE_LOADER = "$(TEST_HOST)";
				CODE_SIGN_STYLE = Automatic;
				CURRENT_PROJECT_VERSION = 1;
				GENERATE_INFOPLIST_FILE = YES;
				IPHONEOS_DEPLOYMENT_TARGET = 15.2;
				MARKETING_VERSION = 1.0;
				PRODUCT_BUNDLE_IDENTIFIER = com.Practice.EnvironmentScemeSetupTests;
				PRODUCT_NAME = "$(TARGET_NAME)";
				SWIFT_EMIT_LOC_STRINGS = NO;
				SWIFT_VERSION = 5.0;
				TARGETED_DEVICE_FAMILY = "1,2";
				TEST_HOST = "$(BUILT_PRODUCTS_DIR)/EnvironmentScemeSetup.app/EnvironmentScemeSetup";
			};
			name = Production;
		};
		160A292227D3634200CBEA4C /* Production */ = {
			isa = XCBuildConfiguration;
			buildSettings = {
				ALWAYS_EMBED_SWIFT_STANDARD_LIBRARIES = YES;
				CODE_SIGN_STYLE = Automatic;
				CURRENT_PROJECT_VERSION = 1;
				GENERATE_INFOPLIST_FILE = YES;
				MARKETING_VERSION = 1.0;
				PRODUCT_BUNDLE_IDENTIFIER = com.Practice.EnvironmentScemeSetupUITests;
				PRODUCT_NAME = "$(TARGET_NAME)";
				SWIFT_EMIT_LOC_STRINGS = NO;
				SWIFT_VERSION = 5.0;
				TARGETED_DEVICE_FAMILY = "1,2";
				TEST_TARGET_NAME = EnvironmentScemeSetup;
			};
			name = Production;
		};
/* End XCBuildConfiguration section */

/* Begin XCConfigurationList section */
		160A28E327D362E500CBEA4C /* Build configuration list for PBXProject "EnvironmentScemeSetup" */ = {
			isa = XCConfigurationList;
			buildConfigurations = (
				160A291027D362E700CBEA4C /* Dev */,
				160A291127D362E700CBEA4C /* QA */,
				160A291B27D3633600CBEA4C /* Staging */,
				160A291F27D3634200CBEA4C /* Production */,
			);
			defaultConfigurationIsVisible = 0;
			defaultConfigurationName = QA;
		};
		160A291227D362E700CBEA4C /* Build configuration list for PBXNativeTarget "EnvironmentScemeSetup" */ = {
			isa = XCConfigurationList;
			buildConfigurations = (
				160A291327D362E700CBEA4C /* Dev */,
				160A291427D362E700CBEA4C /* QA */,
				160A291C27D3633600CBEA4C /* Staging */,
				160A292027D3634200CBEA4C /* Production */,
			);
			defaultConfigurationIsVisible = 0;
			defaultConfigurationName = QA;
		};
		160A291527D362E700CBEA4C /* Build configuration list for PBXNativeTarget "EnvironmentScemeSetupTests" */ = {
			isa = XCConfigurationList;
			buildConfigurations = (
				160A291627D362E700CBEA4C /* Dev */,
				160A291727D362E700CBEA4C /* QA */,
				160A291D27D3633600CBEA4C /* Staging */,
				160A292127D3634200CBEA4C /* Production */,
			);
			defaultConfigurationIsVisible = 0;
			defaultConfigurationName = QA;
		};
		160A291827D362E700CBEA4C /* Build configuration list for PBXNativeTarget "EnvironmentScemeSetupUITests" */ = {
			isa = XCConfigurationList;
			buildConfigurations = (
				160A291927D362E700CBEA4C /* Dev */,
				160A291A27D362E700CBEA4C /* QA */,
				160A291E27D3633600CBEA4C /* Staging */,
				160A292227D3634200CBEA4C /* Production */,
			);
			defaultConfigurationIsVisible = 0;
			defaultConfigurationName = QA;
		};
/* End XCConfigurationList section */
	};
	rootObject = 160A28E027D362E500CBEA4C /* Project object */;
}
